{
	"name": "com.webos.app.home",
	"version": "1.0.0",
	"lockfileVersion": 2,
	"requires": true,
	"packages": {
		"": {
			"name": "com.webos.app.home",
			"version": "1.0.0",
			"license": "UNLICENSED",
			"dependencies": {
				"@enact/core": "^4.5.0",
				"@enact/i18n": "^4.5.0",
				"@enact/sandstone": "^2.5.0",
				"@enact/spotlight": "^4.5.0",
				"@enact/ui": "^4.5.0",
				"@enact/webos": "^4.5.0",
				"ilib": "^14.15.1",
				"prop-types": "^15.6.2",
				"react": "^18.0.0",
				"react-dom": "^18.0.0",
				"react-redux": "^7.2.4",
				"redux": "^4.1.0",
				"redux-thunk": "^2.3.0"
			},
			"engines": {
				"npm": ">=6.9.0"
			}
		},
		"node_modules/@babel/runtime": {
			"version": "7.18.9",
			"resolved": "https://registry.npmjs.org/@babel/runtime/-/runtime-7.18.9.tgz",
			"integrity": "sha512-lkqXDcvlFT5rvEjiu6+QYO+1GXrEHRo2LOtS7E4GtX5ESIZOgepqsZBVIj6Pv+a6zqsya9VCgiK1KAK4BvJDAw==",
			"dependencies": {
				"regenerator-runtime": "^0.13.4"
			},
			"engines": {
				"node": ">=6.9.0"
			}
		},
		"node_modules/@enact/core": {
			"version": "4.5.2",
			"resolved": "https://registry.npmjs.org/@enact/core/-/core-4.5.2.tgz",
			"integrity": "sha512-wnsJ4sCLZ1yvuO/GE33OVgO/Y4n5Japo1zfhsv9h6Gi5Q+UkIyCVCQYvfVfurBG8tinxDQz2O10MPus8qPaoSw==",
			"dependencies": {
				"classnames": "^2.3.1",
				"invariant": "^2.2.4",
				"prop-types": "^15.8.1",
				"ramda": "^0.28.0",
				"react": "^18.2.0",
				"react-dom": "^18.2.0",
				"react-is": "^18.2.0",
				"warning": "^4.0.3"
			}
		},
		"node_modules/@enact/i18n": {
			"version": "4.5.2",
			"resolved": "https://registry.npmjs.org/@enact/i18n/-/i18n-4.5.2.tgz",
			"integrity": "sha512-XpmbmluHTeQXva7FTSkx8NvEmDaleuegoTutaJc5qaYSk0k5QTfamHB1MDyoioTn97ySpQB3AZsdcdmr6wfSRw==",
			"dependencies": {
				"@enact/core": "^4.5.2",
				"prop-types": "^15.8.1",
				"ramda": "^0.28.0",
				"react": "^18.2.0",
				"react-dom": "^18.2.0",
				"xhr": "^2.6.0"
			},
			"peerDependencies": {
				"ilib": "^14.14.0 || ^14.14.0-webos1"
			}
		},
		"node_modules/@enact/sandstone": {
			"version": "2.5.2",
			"resolved": "https://registry.npmjs.org/@enact/sandstone/-/sandstone-2.5.2.tgz",
			"integrity": "sha512-UzYsgTSo7FFYTUAOadrxKyEsIhBBx60M9eh7g2sblGz6NDapi4xL5LmhAMyO1NEVTm3W3/dPDM6kwytlRaJ/GQ==",
			"dependencies": {
				"@enact/core": "^4.5.2",
				"@enact/i18n": "^4.5.2",
				"@enact/spotlight": "^4.5.2",
				"@enact/ui": "^4.5.2",
				"@enact/webos": "^4.5.2",
				"classnames": "^2.3.1",
				"ilib": "^14.14.0",
				"invariant": "^2.2.4",
				"prop-types": "^15.8.1",
				"ramda": "^0.28.0",
				"react": "^18.2.0",
				"react-dom": "^18.2.0",
				"warning": "^4.0.3"
			},
			"peerDependencies": {
				"ilib": "^14.14.0 || ^14.14.0-webos1"
			}
		},
		"node_modules/@enact/spotlight": {
			"version": "4.5.2",
			"resolved": "https://registry.npmjs.org/@enact/spotlight/-/spotlight-4.5.2.tgz",
			"integrity": "sha512-lzOFyfJa+oQPzxxmBfjtOyWh44RGxvOy7h63GCsrj/phYIVuPQyTLXpynuod7cNrM7UbVWSg/IaRqrE6THXbHw==",
			"dependencies": {
				"@enact/core": "^4.5.2",
				"classnames": "^2.3.1",
				"prop-types": "^15.8.1",
				"ramda": "^0.28.0",
				"react": "^18.2.0",
				"react-dom": "^18.2.0",
				"warning": "^4.0.3"
			}
		},
		"node_modules/@enact/ui": {
			"version": "4.5.2",
			"resolved": "https://registry.npmjs.org/@enact/ui/-/ui-4.5.2.tgz",
			"integrity": "sha512-KL+3OHD9HOGq7oBj73GRi7aFh2NHdhK3ep4XcMbxzwGLLv5p92cFGP1WNzMAYq5qBvvgC2+Z1gK5CRO5829UTg==",
			"dependencies": {
				"@enact/core": "^4.5.2",
				"classnames": "^2.3.1",
				"direction": "^1.0.4",
				"invariant": "^2.2.4",
				"prop-types": "^15.8.1",
				"ramda": "^0.28.0",
				"react": "^18.2.0",
				"react-dom": "^18.2.0",
				"react-is": "^18.2.0",
				"warning": "^4.0.3"
			}
		},
		"node_modules/@enact/webos": {
			"version": "4.5.2",
			"resolved": "https://registry.npmjs.org/@enact/webos/-/webos-4.5.2.tgz",
			"integrity": "sha512-fIUT4duXqYoEhf8Ip7HTP5VRkJXVnb6cUrVYDG1MeTkrNcs2ORLUDiO5VIef8C4//nO1wwnVOgArPtglwWlRIw==",
			"dependencies": {
				"@enact/core": "^4.5.2",
				"prop-types": "^15.8.1",
				"react": "^18.2.0",
				"react-dom": "^18.2.0"
			}
		},
		"node_modules/@types/hoist-non-react-statics": {
			"version": "3.3.1",
			"resolved": "https://registry.npmjs.org/@types/hoist-non-react-statics/-/hoist-non-react-statics-3.3.1.tgz",
			"integrity": "sha512-iMIqiko6ooLrTh1joXodJK5X9xeEALT1kM5G3ZLhD3hszxBdIEd5C75U834D9mLcINgD4OyZf5uQXjkuYydWvA==",
			"dependencies": {
				"@types/react": "*",
				"hoist-non-react-statics": "^3.3.0"
			}
		},
		"node_modules/@types/prop-types": {
			"version": "15.7.5",
			"resolved": "https://registry.npmjs.org/@types/prop-types/-/prop-types-15.7.5.tgz",
			"integrity": "sha512-JCB8C6SnDoQf0cNycqd/35A7MjcnK+ZTqE7judS6o7utxUCg6imJg3QK2qzHKszlTjcj2cn+NwMB2i96ubpj7w=="
		},
		"node_modules/@types/react": {
			"version": "18.0.17",
			"resolved": "https://registry.npmjs.org/@types/react/-/react-18.0.17.tgz",
			"integrity": "sha512-38ETy4tL+rn4uQQi7mB81G7V1g0u2ryquNmsVIOKUAEIDK+3CUjZ6rSRpdvS99dNBnkLFL83qfmtLacGOTIhwQ==",
			"dependencies": {
				"@types/prop-types": "*",
				"@types/scheduler": "*",
				"csstype": "^3.0.2"
			}
		},
		"node_modules/@types/react-redux": {
			"version": "7.1.24",
			"resolved": "https://registry.npmjs.org/@types/react-redux/-/react-redux-7.1.24.tgz",
			"integrity": "sha512-7FkurKcS1k0FHZEtdbbgN8Oc6b+stGSfZYjQGicofJ0j4U0qIn/jaSvnP2pLwZKiai3/17xqqxkkrxTgN8UNbQ==",
			"dependencies": {
				"@types/hoist-non-react-statics": "^3.3.0",
				"@types/react": "*",
				"hoist-non-react-statics": "^3.3.0",
				"redux": "^4.0.0"
			}
		},
		"node_modules/@types/scheduler": {
			"version": "0.16.2",
			"resolved": "https://registry.npmjs.org/@types/scheduler/-/scheduler-0.16.2.tgz",
			"integrity": "sha512-hppQEBDmlwhFAXKJX2KnWLYu5yMfi91yazPb2l+lbJiwW+wdo1gNeRA+3RgNSO39WYX2euey41KEwnqesU2Jew=="
		},
		"node_modules/classnames": {
			"version": "2.3.1",
			"resolved": "https://registry.npmjs.org/classnames/-/classnames-2.3.1.tgz",
			"integrity": "sha512-OlQdbZ7gLfGarSqxesMesDa5uz7KFbID8Kpq/SxIoNGDqY8lSYs0D+hhtBXhcdB3rcbXArFr7vlHheLk1voeNA=="
		},
		"node_modules/csstype": {
			"version": "3.1.0",
			"resolved": "https://registry.npmjs.org/csstype/-/csstype-3.1.0.tgz",
			"integrity": "sha512-uX1KG+x9h5hIJsaKR9xHUeUraxf8IODOwq9JLNPq6BwB04a/xgpq3rcx47l5BZu5zBPlgD342tdke3Hom/nJRA=="
		},
		"node_modules/direction": {
			"version": "1.0.4",
			"resolved": "https://registry.npmjs.org/direction/-/direction-1.0.4.tgz",
			"integrity": "sha512-GYqKi1aH7PJXxdhTeZBFrg8vUBeKXi+cNprXsC1kpJcbcVnV9wBsrOu1cQEdG0WeQwlfHiy3XvnKfIrJ2R0NzQ==",
			"bin": {
				"direction": "cli.js"
			},
			"funding": {
				"type": "github",
				"url": "https://github.com/sponsors/wooorm"
			}
		},
		"node_modules/dom-walk": {
			"version": "0.1.2",
			"resolved": "https://registry.npmjs.org/dom-walk/-/dom-walk-0.1.2.tgz",
			"integrity": "sha512-6QvTW9mrGeIegrFXdtQi9pk7O/nSK6lSdXW2eqUspN5LWD7UTji2Fqw5V2YLjBpHEoU9Xl/eUWNpDeZvoyOv2w=="
		},
		"node_modules/global": {
			"version": "4.4.0",
			"resolved": "https://registry.npmjs.org/global/-/global-4.4.0.tgz",
			"integrity": "sha512-wv/LAoHdRE3BeTGz53FAamhGlPLhlssK45usmGFThIi4XqnBmjKQ16u+RNbP7WvigRZDxUsM0J3gcQ5yicaL0w==",
			"dependencies": {
				"min-document": "^2.19.0",
				"process": "^0.11.10"
			}
		},
		"node_modules/hoist-non-react-statics": {
			"version": "3.3.2",
			"resolved": "https://registry.npmjs.org/hoist-non-react-statics/-/hoist-non-react-statics-3.3.2.tgz",
			"integrity": "sha512-/gGivxi8JPKWNm/W0jSmzcMPpfpPLc3dY/6GxhX2hQ9iGj3aDfklV4ET7NjKpSinLpJ5vafa9iiGIEZg10SfBw==",
			"dependencies": {
				"react-is": "^16.7.0"
			}
		},
		"node_modules/hoist-non-react-statics/node_modules/react-is": {
			"version": "16.13.1",
			"resolved": "https://registry.npmjs.org/react-is/-/react-is-16.13.1.tgz",
			"integrity": "sha512-24e6ynE2H+OKt4kqsOvNd8kBpV65zoxbA4BVsEOB3ARVWQki/DHzaUoC5KuON/BiccDaCCTZBuOcfZs70kR8bQ=="
		},
		"node_modules/ilib": {
			"version": "14.15.1",
			"resolved": "https://registry.npmjs.org/ilib/-/ilib-14.15.1.tgz",
			"integrity": "sha512-/ePmqu9mWnx6eUYtvxxcLuWcElvsG7AG3pU/SPIGtLyE+5HUXV/f/XzQGloxtLbYbGfdUmNMIKnxEG2BdsYzuA=="
		},
		"node_modules/invariant": {
			"version": "2.2.4",
			"resolved": "https://registry.npmjs.org/invariant/-/invariant-2.2.4.tgz",
			"integrity": "sha512-phJfQVBuaJM5raOpJjSfkiD6BpbCE4Ns//LaXl6wGYtUBY83nWS6Rf9tXm2e8VaK60JEjYldbPif/A2B1C2gNA==",
			"dependencies": {
				"loose-envify": "^1.0.0"
			}
		},
		"node_modules/is-function": {
			"version": "1.0.2",
			"resolved": "https://registry.npmjs.org/is-function/-/is-function-1.0.2.tgz",
			"integrity": "sha512-lw7DUp0aWXYg+CBCN+JKkcE0Q2RayZnSvnZBlwgxHBQhqt5pZNVy4Ri7H9GmmXkdu7LUthszM+Tor1u/2iBcpQ=="
		},
		"node_modules/js-tokens": {
			"version": "4.0.0",
			"resolved": "https://registry.npmjs.org/js-tokens/-/js-tokens-4.0.0.tgz",
			"integrity": "sha512-RdJUflcE3cUzKiMqQgsCu06FPu9UdIJO0beYbPhHN4k6apgJtifcoCtT9bcxOpYBtpD2kCM6Sbzg4CausW/PKQ=="
		},
		"node_modules/loose-envify": {
			"version": "1.4.0",
			"resolved": "https://registry.npmjs.org/loose-envify/-/loose-envify-1.4.0.tgz",
			"integrity": "sha512-lyuxPGr/Wfhrlem2CL/UcnUc1zcqKAImBDzukY7Y5F/yQiNdko6+fRLevlw1HgMySw7f611UIY408EtxRSoK3Q==",
			"dependencies": {
				"js-tokens": "^3.0.0 || ^4.0.0"
			},
			"bin": {
				"loose-envify": "cli.js"
			}
		},
		"node_modules/min-document": {
			"version": "2.19.0",
			"resolved": "https://registry.npmjs.org/min-document/-/min-document-2.19.0.tgz",
			"integrity": "sha512-9Wy1B3m3f66bPPmU5hdA4DR4PB2OfDU/+GS3yAB7IQozE3tqXaVv2zOjgla7MEGSRv95+ILmOuvhLkOK6wJtCQ==",
			"dependencies": {
				"dom-walk": "^0.1.0"
			}
		},
		"node_modules/object-assign": {
			"version": "4.1.1",
			"resolved": "https://registry.npmjs.org/object-assign/-/object-assign-4.1.1.tgz",
			"integrity": "sha512-rJgTQnkUnH1sFw8yT6VSU3zD3sWmu6sZhIseY8VX+GRu3P6F7Fu+JNDoXfklElbLJSnc3FUQHVe4cU5hj+BcUg==",
			"engines": {
				"node": ">=0.10.0"
			}
		},
		"node_modules/parse-headers": {
			"version": "2.0.5",
			"resolved": "https://registry.npmjs.org/parse-headers/-/parse-headers-2.0.5.tgz",
			"integrity": "sha512-ft3iAoLOB/MlwbNXgzy43SWGP6sQki2jQvAyBg/zDFAgr9bfNWZIUj42Kw2eJIl8kEi4PbgE6U1Zau/HwI75HA=="
		},
		"node_modules/process": {
			"version": "0.11.10",
			"resolved": "https://registry.npmjs.org/process/-/process-0.11.10.tgz",
			"integrity": "sha512-cdGef/drWFoydD1JsMzuFf8100nZl+GT+yacc2bEced5f9Rjk4z+WtFUTBu9PhOi9j/jfmBPu0mMEY4wIdAF8A==",
			"engines": {
				"node": ">= 0.6.0"
			}
		},
		"node_modules/prop-types": {
			"version": "15.8.1",
			"resolved": "https://registry.npmjs.org/prop-types/-/prop-types-15.8.1.tgz",
			"integrity": "sha512-oj87CgZICdulUohogVAR7AjlC0327U4el4L6eAvOqCeudMDVU0NThNaV+b9Df4dXgSP1gXMTnPdhfe/2qDH5cg==",
			"dependencies": {
				"loose-envify": "^1.4.0",
				"object-assign": "^4.1.1",
				"react-is": "^16.13.1"
			}
		},
		"node_modules/prop-types/node_modules/react-is": {
			"version": "16.13.1",
			"resolved": "https://registry.npmjs.org/react-is/-/react-is-16.13.1.tgz",
			"integrity": "sha512-24e6ynE2H+OKt4kqsOvNd8kBpV65zoxbA4BVsEOB3ARVWQki/DHzaUoC5KuON/BiccDaCCTZBuOcfZs70kR8bQ=="
		},
		"node_modules/ramda": {
			"version": "0.28.0",
			"resolved": "https://registry.npmjs.org/ramda/-/ramda-0.28.0.tgz",
			"integrity": "sha512-9QnLuG/kPVgWvMQ4aODhsBUFKOUmnbUnsSXACv+NCQZcHbeb+v8Lodp8OVxtRULN1/xOyYLLaL6npE6dMq5QTA==",
			"funding": {
				"type": "opencollective",
				"url": "https://opencollective.com/ramda"
			}
		},
		"node_modules/react": {
			"version": "18.2.0",
			"resolved": "https://registry.npmjs.org/react/-/react-18.2.0.tgz",
			"integrity": "sha512-/3IjMdb2L9QbBdWiW5e3P2/npwMBaU9mHCSCUzNln0ZCYbcfTsGbTJrU/kGemdH2IWmB2ioZ+zkxtmq6g09fGQ==",
			"dependencies": {
				"loose-envify": "^1.1.0"
			},
			"engines": {
				"node": ">=0.10.0"
			}
		},
		"node_modules/react-dom": {
			"version": "18.2.0",
			"resolved": "https://registry.npmjs.org/react-dom/-/react-dom-18.2.0.tgz",
			"integrity": "sha512-6IMTriUmvsjHUjNtEDudZfuDQUoWXVxKHhlEGSk81n4YFS+r/Kl99wXiwlVXtPBtJenozv2P+hxDsw9eA7Xo6g==",
			"dependencies": {
				"loose-envify": "^1.1.0",
				"scheduler": "^0.23.0"
			},
			"peerDependencies": {
				"react": "^18.2.0"
			}
		},
		"node_modules/react-is": {
			"version": "18.2.0",
			"resolved": "https://registry.npmjs.org/react-is/-/react-is-18.2.0.tgz",
			"integrity": "sha512-xWGDIW6x921xtzPkhiULtthJHoJvBbF3q26fzloPCK0hsvxtPVelvftw3zjbHWSkR2km9Z+4uxbDDK/6Zw9B8w=="
		},
		"node_modules/react-redux": {
			"version": "7.2.8",
			"resolved": "https://registry.npmjs.org/react-redux/-/react-redux-7.2.8.tgz",
			"integrity": "sha512-6+uDjhs3PSIclqoCk0kd6iX74gzrGc3W5zcAjbrFgEdIjRSQObdIwfx80unTkVUYvbQ95Y8Av3OvFHq1w5EOUw==",
			"dependencies": {
				"@babel/runtime": "^7.15.4",
				"@types/react-redux": "^7.1.20",
				"hoist-non-react-statics": "^3.3.2",
				"loose-envify": "^1.4.0",
				"prop-types": "^15.7.2",
				"react-is": "^17.0.2"
			},
			"peerDependencies": {
				"react": "^16.8.3 || ^17 || ^18"
			},
			"peerDependenciesMeta": {
				"react-dom": {
					"optional": true
				},
				"react-native": {
					"optional": true
				}
			}
		},
		"node_modules/react-redux/node_modules/react-is": {
			"version": "17.0.2",
			"resolved": "https://registry.npmjs.org/react-is/-/react-is-17.0.2.tgz",
			"integrity": "sha512-w2GsyukL62IJnlaff/nRegPQR94C/XXamvMWmSHRJ4y7Ts/4ocGRmTHvOs8PSE6pB3dWOrD/nueuU5sduBsQ4w=="
		},
		"node_modules/redux": {
			"version": "4.2.0",
			"resolved": "https://registry.npmjs.org/redux/-/redux-4.2.0.tgz",
			"integrity": "sha512-oSBmcKKIuIR4ME29/AeNUnl5L+hvBq7OaJWzaptTQJAntaPvxIJqfnjbaEiCzzaIz+XmVILfqAM3Ob0aXLPfjA==",
			"dependencies": {
				"@babel/runtime": "^7.9.2"
			}
		},
		"node_modules/redux-thunk": {
			"version": "2.4.1",
			"resolved": "https://registry.npmjs.org/redux-thunk/-/redux-thunk-2.4.1.tgz",
			"integrity": "sha512-OOYGNY5Jy2TWvTL1KgAlVy6dcx3siPJ1wTq741EPyUKfn6W6nChdICjZwCd0p8AZBs5kWpZlbkXW2nE/zjUa+Q==",
			"peerDependencies": {
				"redux": "^4"
			}
		},
		"node_modules/regenerator-runtime": {
			"version": "0.13.9",
			"resolved": "https://registry.npmjs.org/regenerator-runtime/-/regenerator-runtime-0.13.9.tgz",
			"integrity": "sha512-p3VT+cOEgxFsRRA9X4lkI1E+k2/CtnKtU4gcxyaCUreilL/vqI6CdZ3wxVUx3UOUg+gnUOQQcRI7BmSI656MYA=="
		},
		"node_modules/scheduler": {
			"version": "0.23.0",
			"resolved": "https://registry.npmjs.org/scheduler/-/scheduler-0.23.0.tgz",
			"integrity": "sha512-CtuThmgHNg7zIZWAXi3AsyIzA3n4xx7aNyjwC2VJldO2LMVDhFK+63xGqq6CsJH4rTAt6/M+N4GhZiDYPx9eUw==",
			"dependencies": {
				"loose-envify": "^1.1.0"
			}
		},
		"node_modules/warning": {
			"version": "4.0.3",
			"resolved": "https://registry.npmjs.org/warning/-/warning-4.0.3.tgz",
			"integrity": "sha512-rpJyN222KWIvHJ/F53XSZv0Zl/accqHR8et1kpaMTD/fLCRxtV8iX8czMzY7sVZupTI3zcUTg8eycS2kNF9l6w==",
			"dependencies": {
				"loose-envify": "^1.0.0"
			}
		},
		"node_modules/xhr": {
			"version": "2.6.0",
			"resolved": "https://registry.npmjs.org/xhr/-/xhr-2.6.0.tgz",
			"integrity": "sha512-/eCGLb5rxjx5e3mF1A7s+pLlR6CGyqWN91fv1JgER5mVWg1MZmlhBvy9kjcsOdRk8RrIujotWyJamfyrp+WIcA==",
			"dependencies": {
				"global": "~4.4.0",
				"is-function": "^1.0.1",
				"parse-headers": "^2.0.0",
				"xtend": "^4.0.0"
			}
		},
		"node_modules/xtend": {
			"version": "4.0.2",
			"resolved": "https://registry.npmjs.org/xtend/-/xtend-4.0.2.tgz",
			"integrity": "sha512-LKYU1iAXJXUgAXn9URjiu+MWhyUXHsvfp7mcuYm9dSUKK0/CjtrUwFAxD82/mCWbtLsGjFIad0wIsod4zrTAEQ==",
			"engines": {
				"node": ">=0.4"
			}
		}
	},
	"dependencies": {
		"@babel/runtime": {
			"version": "7.18.9",
			"resolved": "https://registry.npmjs.org/@babel/runtime/-/runtime-7.18.9.tgz",
			"integrity": "sha512-lkqXDcvlFT5rvEjiu6+QYO+1GXrEHRo2LOtS7E4GtX5ESIZOgepqsZBVIj6Pv+a6zqsya9VCgiK1KAK4BvJDAw==",
			"requires": {
				"regenerator-runtime": "^0.13.4"
			}
		},
		"@enact/core": {
			"version": "4.5.2",
			"resolved": "https://registry.npmjs.org/@enact/core/-/core-4.5.2.tgz",
			"integrity": "sha512-wnsJ4sCLZ1yvuO/GE33OVgO/Y4n5Japo1zfhsv9h6Gi5Q+UkIyCVCQYvfVfurBG8tinxDQz2O10MPus8qPaoSw==",
			"requires": {
				"classnames": "^2.3.1",
				"invariant": "^2.2.4",
				"prop-types": "^15.8.1",
				"ramda": "^0.28.0",
				"react": "^18.2.0",
				"react-dom": "^18.2.0",
				"react-is": "^18.2.0",
				"warning": "^4.0.3"
			}
		},
		"@enact/i18n": {
			"version": "4.5.2",
			"resolved": "https://registry.npmjs.org/@enact/i18n/-/i18n-4.5.2.tgz",
			"integrity": "sha512-XpmbmluHTeQXva7FTSkx8NvEmDaleuegoTutaJc5qaYSk0k5QTfamHB1MDyoioTn97ySpQB3AZsdcdmr6wfSRw==",
			"requires": {
				"@enact/core": "^4.5.2",
				"prop-types": "^15.8.1",
				"ramda": "^0.28.0",
				"react": "^18.2.0",
				"react-dom": "^18.2.0",
				"xhr": "^2.6.0"
			}
		},
		"@enact/sandstone": {
			"version": "2.5.2",
			"resolved": "https://registry.npmjs.org/@enact/sandstone/-/sandstone-2.5.2.tgz",
			"integrity": "sha512-UzYsgTSo7FFYTUAOadrxKyEsIhBBx60M9eh7g2sblGz6NDapi4xL5LmhAMyO1NEVTm3W3/dPDM6kwytlRaJ/GQ==",
			"requires": {
				"@enact/core": "^4.5.2",
				"@enact/i18n": "^4.5.2",
				"@enact/spotlight": "^4.5.2",
				"@enact/ui": "^4.5.2",
				"@enact/webos": "^4.5.2",
				"classnames": "^2.3.1",
				"ilib": "^14.14.0",
				"invariant": "^2.2.4",
				"prop-types": "^15.8.1",
				"ramda": "^0.28.0",
				"react": "^18.2.0",
				"react-dom": "^18.2.0",
				"warning": "^4.0.3"
			}
		},
		"@enact/spotlight": {
			"version": "4.5.2",
			"resolved": "https://registry.npmjs.org/@enact/spotlight/-/spotlight-4.5.2.tgz",
			"integrity": "sha512-lzOFyfJa+oQPzxxmBfjtOyWh44RGxvOy7h63GCsrj/phYIVuPQyTLXpynuod7cNrM7UbVWSg/IaRqrE6THXbHw==",
			"requires": {
				"@enact/core": "^4.5.2",
				"classnames": "^2.3.1",
				"prop-types": "^15.8.1",
				"ramda": "^0.28.0",
				"react": "^18.2.0",
				"react-dom": "^18.2.0",
				"warning": "^4.0.3"
			}
		},
		"@enact/ui": {
			"version": "4.5.2",
			"resolved": "https://registry.npmjs.org/@enact/ui/-/ui-4.5.2.tgz",
			"integrity": "sha512-KL+3OHD9HOGq7oBj73GRi7aFh2NHdhK3ep4XcMbxzwGLLv5p92cFGP1WNzMAYq5qBvvgC2+Z1gK5CRO5829UTg==",
			"requires": {
				"@enact/core": "^4.5.2",
				"classnames": "^2.3.1",
				"direction": "^1.0.4",
				"invariant": "^2.2.4",
				"prop-types": "^15.8.1",
				"ramda": "^0.28.0",
				"react": "^18.2.0",
				"react-dom": "^18.2.0",
				"react-is": "^18.2.0",
				"warning": "^4.0.3"
			}
		},
		"@enact/webos": {
			"version": "4.5.2",
			"resolved": "https://registry.npmjs.org/@enact/webos/-/webos-4.5.2.tgz",
			"integrity": "sha512-fIUT4duXqYoEhf8Ip7HTP5VRkJXVnb6cUrVYDG1MeTkrNcs2ORLUDiO5VIef8C4//nO1wwnVOgArPtglwWlRIw==",
			"requires": {
				"@enact/core": "^4.5.2",
				"prop-types": "^15.8.1",
				"react": "^18.2.0",
				"react-dom": "^18.2.0"
			}
		},
		"@types/hoist-non-react-statics": {
			"version": "3.3.1",
			"resolved": "https://registry.npmjs.org/@types/hoist-non-react-statics/-/hoist-non-react-statics-3.3.1.tgz",
			"integrity": "sha512-iMIqiko6ooLrTh1joXodJK5X9xeEALT1kM5G3ZLhD3hszxBdIEd5C75U834D9mLcINgD4OyZf5uQXjkuYydWvA==",
			"requires": {
				"@types/react": "*",
				"hoist-non-react-statics": "^3.3.0"
			}
		},
		"@types/prop-types": {
			"version": "15.7.5",
			"resolved": "https://registry.npmjs.org/@types/prop-types/-/prop-types-15.7.5.tgz",
			"integrity": "sha512-JCB8C6SnDoQf0cNycqd/35A7MjcnK+ZTqE7judS6o7utxUCg6imJg3QK2qzHKszlTjcj2cn+NwMB2i96ubpj7w=="
		},
		"@types/react": {
			"version": "18.0.17",
			"resolved": "https://registry.npmjs.org/@types/react/-/react-18.0.17.tgz",
			"integrity": "sha512-38ETy4tL+rn4uQQi7mB81G7V1g0u2ryquNmsVIOKUAEIDK+3CUjZ6rSRpdvS99dNBnkLFL83qfmtLacGOTIhwQ==",
			"requires": {
				"@types/prop-types": "*",
				"@types/scheduler": "*",
				"csstype": "^3.0.2"
			}
		},
		"@types/react-redux": {
			"version": "7.1.24",
			"resolved": "https://registry.npmjs.org/@types/react-redux/-/react-redux-7.1.24.tgz",
			"integrity": "sha512-7FkurKcS1k0FHZEtdbbgN8Oc6b+stGSfZYjQGicofJ0j4U0qIn/jaSvnP2pLwZKiai3/17xqqxkkrxTgN8UNbQ==",
			"requires": {
				"@types/hoist-non-react-statics": "^3.3.0",
				"@types/react": "*",
				"hoist-non-react-statics": "^3.3.0",
				"redux": "^4.0.0"
			}
		},
		"@types/scheduler": {
			"version": "0.16.2",
			"resolved": "https://registry.npmjs.org/@types/scheduler/-/scheduler-0.16.2.tgz",
			"integrity": "sha512-hppQEBDmlwhFAXKJX2KnWLYu5yMfi91yazPb2l+lbJiwW+wdo1gNeRA+3RgNSO39WYX2euey41KEwnqesU2Jew=="
		},
		"classnames": {
			"version": "2.3.1",
			"resolved": "https://registry.npmjs.org/classnames/-/classnames-2.3.1.tgz",
			"integrity": "sha512-OlQdbZ7gLfGarSqxesMesDa5uz7KFbID8Kpq/SxIoNGDqY8lSYs0D+hhtBXhcdB3rcbXArFr7vlHheLk1voeNA=="
		},
		"csstype": {
			"version": "3.1.0",
			"resolved": "https://registry.npmjs.org/csstype/-/csstype-3.1.0.tgz",
			"integrity": "sha512-uX1KG+x9h5hIJsaKR9xHUeUraxf8IODOwq9JLNPq6BwB04a/xgpq3rcx47l5BZu5zBPlgD342tdke3Hom/nJRA=="
		},
		"direction": {
			"version": "1.0.4",
			"resolved": "https://registry.npmjs.org/direction/-/direction-1.0.4.tgz",
			"integrity": "sha512-GYqKi1aH7PJXxdhTeZBFrg8vUBeKXi+cNprXsC1kpJcbcVnV9wBsrOu1cQEdG0WeQwlfHiy3XvnKfIrJ2R0NzQ=="
		},
		"dom-walk": {
			"version": "0.1.2",
			"resolved": "https://registry.npmjs.org/dom-walk/-/dom-walk-0.1.2.tgz",
			"integrity": "sha512-6QvTW9mrGeIegrFXdtQi9pk7O/nSK6lSdXW2eqUspN5LWD7UTji2Fqw5V2YLjBpHEoU9Xl/eUWNpDeZvoyOv2w=="
		},
		"global": {
			"version": "4.4.0",
			"resolved": "https://registry.npmjs.org/global/-/global-4.4.0.tgz",
			"integrity": "sha512-wv/LAoHdRE3BeTGz53FAamhGlPLhlssK45usmGFThIi4XqnBmjKQ16u+RNbP7WvigRZDxUsM0J3gcQ5yicaL0w==",
			"requires": {
				"min-document": "^2.19.0",
				"process": "^0.11.10"
			}
		},
		"hoist-non-react-statics": {
			"version": "3.3.2",
			"resolved": "https://registry.npmjs.org/hoist-non-react-statics/-/hoist-non-react-statics-3.3.2.tgz",
			"integrity": "sha512-/gGivxi8JPKWNm/W0jSmzcMPpfpPLc3dY/6GxhX2hQ9iGj3aDfklV4ET7NjKpSinLpJ5vafa9iiGIEZg10SfBw==",
			"requires": {
				"react-is": "^16.7.0"
			},
			"dependencies": {
				"react-is": {
					"version": "16.13.1",
					"resolved": "https://registry.npmjs.org/react-is/-/react-is-16.13.1.tgz",
					"integrity": "sha512-24e6ynE2H+OKt4kqsOvNd8kBpV65zoxbA4BVsEOB3ARVWQki/DHzaUoC5KuON/BiccDaCCTZBuOcfZs70kR8bQ=="
				}
			}
		},
		"ilib": {
			"version": "14.15.1",
			"resolved": "https://registry.npmjs.org/ilib/-/ilib-14.15.1.tgz",
			"integrity": "sha512-/ePmqu9mWnx6eUYtvxxcLuWcElvsG7AG3pU/SPIGtLyE+5HUXV/f/XzQGloxtLbYbGfdUmNMIKnxEG2BdsYzuA=="
		},
		"invariant": {
			"version": "2.2.4",
			"resolved": "https://registry.npmjs.org/invariant/-/invariant-2.2.4.tgz",
			"integrity": "sha512-phJfQVBuaJM5raOpJjSfkiD6BpbCE4Ns//LaXl6wGYtUBY83nWS6Rf9tXm2e8VaK60JEjYldbPif/A2B1C2gNA==",
			"requires": {
				"loose-envify": "^1.0.0"
			}
		},
		"is-function": {
			"version": "1.0.2",
			"resolved": "https://registry.npmjs.org/is-function/-/is-function-1.0.2.tgz",
			"integrity": "sha512-lw7DUp0aWXYg+CBCN+JKkcE0Q2RayZnSvnZBlwgxHBQhqt5pZNVy4Ri7H9GmmXkdu7LUthszM+Tor1u/2iBcpQ=="
		},
		"js-tokens": {
			"version": "4.0.0",
			"resolved": "https://registry.npmjs.org/js-tokens/-/js-tokens-4.0.0.tgz",
			"integrity": "sha512-RdJUflcE3cUzKiMqQgsCu06FPu9UdIJO0beYbPhHN4k6apgJtifcoCtT9bcxOpYBtpD2kCM6Sbzg4CausW/PKQ=="
		},
		"loose-envify": {
			"version": "1.4.0",
			"resolved": "https://registry.npmjs.org/loose-envify/-/loose-envify-1.4.0.tgz",
			"integrity": "sha512-lyuxPGr/Wfhrlem2CL/UcnUc1zcqKAImBDzukY7Y5F/yQiNdko6+fRLevlw1HgMySw7f611UIY408EtxRSoK3Q==",
			"requires": {
				"js-tokens": "^3.0.0 || ^4.0.0"
			}
		},
		"min-document": {
			"version": "2.19.0",
			"resolved": "https://registry.npmjs.org/min-document/-/min-document-2.19.0.tgz",
			"integrity": "sha512-9Wy1B3m3f66bPPmU5hdA4DR4PB2OfDU/+GS3yAB7IQozE3tqXaVv2zOjgla7MEGSRv95+ILmOuvhLkOK6wJtCQ==",
			"requires": {
				"dom-walk": "^0.1.0"
			}
		},
		"object-assign": {
			"version": "4.1.1",
			"resolved": "https://registry.npmjs.org/object-assign/-/object-assign-4.1.1.tgz",
			"integrity": "sha512-rJgTQnkUnH1sFw8yT6VSU3zD3sWmu6sZhIseY8VX+GRu3P6F7Fu+JNDoXfklElbLJSnc3FUQHVe4cU5hj+BcUg=="
		},
		"parse-headers": {
			"version": "2.0.5",
			"resolved": "https://registry.npmjs.org/parse-headers/-/parse-headers-2.0.5.tgz",
			"integrity": "sha512-ft3iAoLOB/MlwbNXgzy43SWGP6sQki2jQvAyBg/zDFAgr9bfNWZIUj42Kw2eJIl8kEi4PbgE6U1Zau/HwI75HA=="
		},
		"process": {
			"version": "0.11.10",
			"resolved": "https://registry.npmjs.org/process/-/process-0.11.10.tgz",
			"integrity": "sha512-cdGef/drWFoydD1JsMzuFf8100nZl+GT+yacc2bEced5f9Rjk4z+WtFUTBu9PhOi9j/jfmBPu0mMEY4wIdAF8A=="
		},
		"prop-types": {
			"version": "15.8.1",
			"resolved": "https://registry.npmjs.org/prop-types/-/prop-types-15.8.1.tgz",
			"integrity": "sha512-oj87CgZICdulUohogVAR7AjlC0327U4el4L6eAvOqCeudMDVU0NThNaV+b9Df4dXgSP1gXMTnPdhfe/2qDH5cg==",
			"requires": {
				"loose-envify": "^1.4.0",
				"object-assign": "^4.1.1",
				"react-is": "^16.13.1"
			},
			"dependencies": {
				"react-is": {
					"version": "16.13.1",
					"resolved": "https://registry.npmjs.org/react-is/-/react-is-16.13.1.tgz",
					"integrity": "sha512-24e6ynE2H+OKt4kqsOvNd8kBpV65zoxbA4BVsEOB3ARVWQki/DHzaUoC5KuON/BiccDaCCTZBuOcfZs70kR8bQ=="
				}
			}
		},
		"ramda": {
			"version": "0.28.0",
			"resolved": "https://registry.npmjs.org/ramda/-/ramda-0.28.0.tgz",
			"integrity": "sha512-9QnLuG/kPVgWvMQ4aODhsBUFKOUmnbUnsSXACv+NCQZcHbeb+v8Lodp8OVxtRULN1/xOyYLLaL6npE6dMq5QTA=="
		},
		"react": {
			"version": "18.2.0",
			"resolved": "https://registry.npmjs.org/react/-/react-18.2.0.tgz",
			"integrity": "sha512-/3IjMdb2L9QbBdWiW5e3P2/npwMBaU9mHCSCUzNln0ZCYbcfTsGbTJrU/kGemdH2IWmB2ioZ+zkxtmq6g09fGQ==",
			"requires": {
				"loose-envify": "^1.1.0"
			}
		},
		"react-dom": {
			"version": "18.2.0",
			"resolved": "https://registry.npmjs.org/react-dom/-/react-dom-18.2.0.tgz",
			"integrity": "sha512-6IMTriUmvsjHUjNtEDudZfuDQUoWXVxKHhlEGSk81n4YFS+r/Kl99wXiwlVXtPBtJenozv2P+hxDsw9eA7Xo6g==",
			"requires": {
				"loose-envify": "^1.1.0",
				"scheduler": "^0.23.0"
			}
		},
		"react-is": {
			"version": "18.2.0",
			"resolved": "https://registry.npmjs.org/react-is/-/react-is-18.2.0.tgz",
			"integrity": "sha512-xWGDIW6x921xtzPkhiULtthJHoJvBbF3q26fzloPCK0hsvxtPVelvftw3zjbHWSkR2km9Z+4uxbDDK/6Zw9B8w=="
		},
		"react-redux": {
			"version": "7.2.8",
			"resolved": "https://registry.npmjs.org/react-redux/-/react-redux-7.2.8.tgz",
			"integrity": "sha512-6+uDjhs3PSIclqoCk0kd6iX74gzrGc3W5zcAjbrFgEdIjRSQObdIwfx80unTkVUYvbQ95Y8Av3OvFHq1w5EOUw==",
			"requires": {
				"@babel/runtime": "^7.15.4",
				"@types/react-redux": "^7.1.20",
				"hoist-non-react-statics": "^3.3.2",
				"loose-envify": "^1.4.0",
				"prop-types": "^15.7.2",
				"react-is": "^17.0.2"
			},
			"dependencies": {
				"react-is": {
					"version": "17.0.2",
					"resolved": "https://registry.npmjs.org/react-is/-/react-is-17.0.2.tgz",
					"integrity": "sha512-w2GsyukL62IJnlaff/nRegPQR94C/XXamvMWmSHRJ4y7Ts/4ocGRmTHvOs8PSE6pB3dWOrD/nueuU5sduBsQ4w=="
				}
			}
		},
		"redux": {
			"version": "4.2.0",
			"resolved": "https://registry.npmjs.org/redux/-/redux-4.2.0.tgz",
			"integrity": "sha512-oSBmcKKIuIR4ME29/AeNUnl5L+hvBq7OaJWzaptTQJAntaPvxIJqfnjbaEiCzzaIz+XmVILfqAM3Ob0aXLPfjA==",
			"requires": {
				"@babel/runtime": "^7.9.2"
			}
		},
		"redux-thunk": {
			"version": "2.4.1",
			"resolved": "https://registry.npmjs.org/redux-thunk/-/redux-thunk-2.4.1.tgz",
			"integrity": "sha512-OOYGNY5Jy2TWvTL1KgAlVy6dcx3siPJ1wTq741EPyUKfn6W6nChdICjZwCd0p8AZBs5kWpZlbkXW2nE/zjUa+Q==",
			"requires": {}
		},
		"regenerator-runtime": {
			"version": "0.13.9",
			"resolved": "https://registry.npmjs.org/regenerator-runtime/-/regenerator-runtime-0.13.9.tgz",
			"integrity": "sha512-p3VT+cOEgxFsRRA9X4lkI1E+k2/CtnKtU4gcxyaCUreilL/vqI6CdZ3wxVUx3UOUg+gnUOQQcRI7BmSI656MYA=="
		},
		"scheduler": {
			"version": "0.23.0",
			"resolved": "https://registry.npmjs.org/scheduler/-/scheduler-0.23.0.tgz",
			"integrity": "sha512-CtuThmgHNg7zIZWAXi3AsyIzA3n4xx7aNyjwC2VJldO2LMVDhFK+63xGqq6CsJH4rTAt6/M+N4GhZiDYPx9eUw==",
			"requires": {
				"loose-envify": "^1.1.0"
			}
		},
		"warning": {
			"version": "4.0.3",
			"resolved": "https://registry.npmjs.org/warning/-/warning-4.0.3.tgz",
			"integrity": "sha512-rpJyN222KWIvHJ/F53XSZv0Zl/accqHR8et1kpaMTD/fLCRxtV8iX8czMzY7sVZupTI3zcUTg8eycS2kNF9l6w==",
			"requires": {
				"loose-envify": "^1.0.0"
			}
		},
		"xhr": {
			"version": "2.6.0",
			"resolved": "https://registry.npmjs.org/xhr/-/xhr-2.6.0.tgz",
			"integrity": "sha512-/eCGLb5rxjx5e3mF1A7s+pLlR6CGyqWN91fv1JgER5mVWg1MZmlhBvy9kjcsOdRk8RrIujotWyJamfyrp+WIcA==",
			"requires": {
				"global": "~4.4.0",
				"is-function": "^1.0.1",
				"parse-headers": "^2.0.0",
				"xtend": "^4.0.0"
			}
		},
		"xtend": {
			"version": "4.0.2",
			"resolved": "https://registry.npmjs.org/xtend/-/xtend-4.0.2.tgz",
			"integrity": "sha512-LKYU1iAXJXUgAXn9URjiu+MWhyUXHsvfp7mcuYm9dSUKK0/CjtrUwFAxD82/mCWbtLsGjFIad0wIsod4zrTAEQ=="
		}
	}
}
