{
    "name": "ilib-loctool-webos-json-resource",
    "version": "1.6.1",
    "lockfileVersion": 2,
    "requires": true,
    "packages": {
        "": {
            "name": "ilib-loctool-webos-json-resource",
            "version": "1.6.1",
            "license": "Apache-2.0",
            "dependencies": {
                "ilib": "^14.19.0"
            },
            "devDependencies": {
                "jest": "^26.6.3",
                "loctool": "2.24.0"
            },
            "engines": {
                "node": ">=10.0.0"
            },
            "peerDependencies": {
                "loctool": "2.24.0"
            }
        },
        "node_modules/ilib": {
            "version": "14.20.0",
            "resolved": "https://registry.npmjs.org/ilib/-/ilib-14.20.0.tgz",
            "integrity": "sha512-ciPTPDwu7FehlyxU1hSjHJRyfq3YIf4n2BzMYzZNtBiCYw1dH0Yu53J7R9YaqQd8A+3RfGxSz6J76AGsvhCm2Q=="
        }
    },
    "dependencies": {
        "ilib": {
            "version": "14.20.0",
            "resolved": "https://registry.npmjs.org/ilib/-/ilib-14.20.0.tgz",
            "integrity": "sha512-ciPTPDwu7FehlyxU1hSjHJRyfq3YIf4n2BzMYzZNtBiCYw1dH0Yu53J7R9YaqQd8A+3RfGxSz6J76AGsvhCm2Q=="
        }
    }
}
